
Microsoft Visual Studio Solution File, Format Version 12.00
# Visual Studio Version 16
VisualStudioVersion = 16.0.29806.167
MinimumVisualStudioVersion = 10.0.40219.1
Project("{FAE04EC0-301F-11D3-BF4B-00C04F79EFBC}") = "Tasowanie", "Tasowanie\Tasowanie.csproj", "{3E98BE19-29F1-4FC4-B44A-F79E51514E23}"
EndProject
Global
	GlobalSection(SolutionConfigurationPlatforms) = preSolution
		Debug|Any CPU = Debug|Any CPU
		Release|Any CPU = Release|Any CPU
	EndGlobalSection
	GlobalSection(ProjectConfigurationPlatforms) = postSolution
		{3E98BE19-29F1-4FC4-B44A-F79E51514E23}.Debug|Any CPU.ActiveCfg = Debug|Any CPU
		{3E98BE19-29F1-4FC4-B44A-F79E51514E23}.Debug|Any CPU.Build.0 = Debug|Any CPU
		{3E98BE19-29F1-4FC4-B44A-F79E51514E23}.Release|Any CPU.ActiveCfg = Release|Any CPU
		{3E98BE19-29F1-4FC4-B44A-F79E51514E23}.Release|Any CPU.Build.0 = Release|Any CPU
	EndGlobalSection
	GlobalSection(SolutionProperties) = preSolution
		HideSolutionNode = FALSE
	EndGlobalSection
	GlobalSection(ExtensibilityGlobals) = postSolution
		SolutionGuid = {845DA710-2EAB-426B-9D19-B909A8EBAE5F}
	EndGlobalSection
EndGlobal
